
Microsoft Visual Studio Solution File, Format Version 12.00
# Visual Studio Version 17
VisualStudioVersion = 17.2.32505.173
MinimumVisualStudioVersion = 10.0.40219.1
Project("{FAE04EC0-301F-11D3-BF4B-00C04F79EFBC}") = "demo", "demo\demo.csproj", "{84C825D7-391B-45AD-9221-7BC663D459AD}"
EndProject
Global
	GlobalSection(SolutionConfigurationPlatforms) = preSolution
		Debug|Any CPU = Debug|Any CPU
		Release|Any CPU = Release|Any CPU
	EndGlobalSection
	GlobalSection(ProjectConfigurationPlatforms) = postSolution
		{84C825D7-391B-45AD-9221-7BC663D459AD}.Debug|Any CPU.ActiveCfg = Debug|Any CPU
		{84C825D7-391B-45AD-9221-7BC663D459AD}.Debug|Any CPU.Build.0 = Debug|Any CPU
		{84C825D7-391B-45AD-9221-7BC663D459AD}.Release|Any CPU.ActiveCfg = Release|Any CPU
		{84C825D7-391B-45AD-9221-7BC663D459AD}.Release|Any CPU.Build.0 = Release|Any CPU
	EndGlobalSection
	GlobalSection(SolutionProperties) = preSolution
		HideSolutionNode = FALSE
	EndGlobalSection
	GlobalSection(ExtensibilityGlobals) = postSolution
		SolutionGuid = {5F2F6ED4-5AB5-4186-BFD9-8CC7921BC152}
	EndGlobalSection
EndGlobal
