
Microsoft Visual Studio Solution File, Format Version 12.00
# Visual Studio Version 17
VisualStudioVersion = 17.2.32505.173
MinimumVisualStudioVersion = 10.0.40219.1
Project("{FAE04EC0-301F-11D3-BF4B-00C04F79EFBC}") = "event mangement", "event mangement\event mangement.csproj", "{BB42BCED-4EC8-47BE-B5D6-56F1A325736E}"
EndProject
Global
	GlobalSection(SolutionConfigurationPlatforms) = preSolution
		Debug|Any CPU = Debug|Any CPU
		Release|Any CPU = Release|Any CPU
	EndGlobalSection
	GlobalSection(ProjectConfigurationPlatforms) = postSolution
		{BB42BCED-4EC8-47BE-B5D6-56F1A325736E}.Debug|Any CPU.ActiveCfg = Debug|Any CPU
		{BB42BCED-4EC8-47BE-B5D6-56F1A325736E}.Debug|Any CPU.Build.0 = Debug|Any CPU
		{BB42BCED-4EC8-47BE-B5D6-56F1A325736E}.Release|Any CPU.ActiveCfg = Release|Any CPU
		{BB42BCED-4EC8-47BE-B5D6-56F1A325736E}.Release|Any CPU.Build.0 = Release|Any CPU
	EndGlobalSection
	GlobalSection(SolutionProperties) = preSolution
		HideSolutionNode = FALSE
	EndGlobalSection
	GlobalSection(ExtensibilityGlobals) = postSolution
		SolutionGuid = {EFAB89E6-80CD-46BA-9DE3-A29953A27664}
	EndGlobalSection
EndGlobal
